// !$*UTF8*$!
{
	archiveVersion = 1;
	classes = {
	};
	objectVersion = 46;
	objects = {

/* Begin PBXBuildFile section */
		D966CF661EFC127F0045CEE4 /* AppDelegate.swift in Sources */ = {isa = PBXBuildFile; fileRef = D966CF651EFC127F0045CEE4 /* AppDelegate.swift */; };
		D966CF681EFC127F0045CEE4 /* ViewController.swift in Sources */ = {isa = PBXBuildFile; fileRef = D966CF671EFC127F0045CEE4 /* ViewController.swift */; };
		D966CF6B1EFC12800045CEE4 /* Main.storyboard in Resources */ = {isa = PBXBuildFile; fileRef = D966CF691EFC12800045CEE4 /* Main.storyboard */; };
		D966CF6D1EFC12800045CEE4 /* Assets.xcassets in Resources */ = {isa = PBXBuildFile; fileRef = D966CF6C1EFC12800045CEE4 /* Assets.xcassets */; };
		D966CF701EFC12800045CEE4 /* LaunchScreen.storyboard in Resources */ = {isa = PBXBuildFile; fileRef = D966CF6E1EFC12800045CEE4 /* LaunchScreen.storyboard */; };
/* End PBXBuildFile section */

/* Begin PBXFileReference section */
		D966CF621EFC127F0045CEE4 /* gestureRecognizer.app */ = {isa = PBXFileReference; explicitFileType = wrapper.application; includeInIndex = 0; path = gestureRecognizer.app; sourceTree = BUILT_PRODUCTS_DIR; };
		D966CF651EFC127F0045CEE4 /* AppDelegate.swift */ = {isa = PBXFileReference; lastKnownFileType = sourcecode.swift; path = AppDelegate.swift; sourceTree = "<group>"; };
		D966CF671EFC127F0045CEE4 /* ViewController.swift */ = {isa = PBXFileReference; lastKnownFileType = sourcecode.swift; path = ViewController.swift; sourceTree = "<group>"; };
		D966CF6A1EFC12800045CEE4 /* Base */ = {isa = PBXFileReference; lastKnownFileType = file.storyboard; name = Base; path = Base.lproj/Main.storyboard; sourceTree = "<group>"; };
		D966CF6C1EFC12800045CEE4 /* Assets.xcassets */ = {isa = PBXFileReference; lastKnownFileType = folder.assetcatalog; path = Assets.xcassets; sourceTree = "<group>"; };
		D966CF6F1EFC12800045CEE4 /* Base */ = {isa = PBXFileReference; lastKnownFileType = file.storyboard; name = Base; path = Base.lproj/LaunchScreen.storyboard; sourceTree = "<group>"; };
		D966CF711EFC12800045CEE4 /* Info.plist */ = {isa = PBXFileReference; lastKnownFileType = text.plist.xml; path = Info.plist; sourceTree = "<group>"; };
/* End PBXFileReference section */

/* Begin PBXFrameworksBuildPhase section */
		D966CF5F1EFC127F0045CEE4 /* Frameworks */ = {
			isa = PBXFrameworksBuildPhase;
			buildActionMask = 2147483647;
			files = (
			);
			runOnlyForDeploymentPostprocessing = 0;
		};
/* End PBXFrameworksBuildPhase section */

/* Begin PBXGroup section */
		D966CF591EFC127F0045CEE4 = {
			isa = PBXGroup;
			children = (
				D966CF641EFC127F0045CEE4 /* gestureRecognizer */,
				D966CF631EFC127F0045CEE4 /* Products */,
			);
			sourceTree = "<group>";
		};
		D966CF631EFC127F0045CEE4 /* Products */ = {
			isa = PBXGroup;
			children = (
				D966CF621EFC127F0045CEE4 /* gestureRecognizer.app */,
			);
			name = Products;
			sourceTree = "<group>";
		};
		D966CF641EFC127F0045CEE4 /* gestureRecognizer */ = {
			isa = PBXGroup;
			children = (
				D966CF651EFC127F0045CEE4 /* AppDelegate.swift */,
				D966CF671EFC127F0045CEE4 /* ViewController.swift */,
				D966CF691EFC12800045CEE4 /* Main.storyboard */,
				D966CF6C1EFC12800045CEE4 /* Assets.xcassets */,
				D966CF6E1EFC12800045CEE4 /* LaunchScreen.storyboard */,
				D966CF711EFC12800045CEE4 /* Info.plist */,
			);
			path = gestureRecognizer;
			sourceTree = "<group>";
		};
/* End PBXGroup section */

/* Begin PBXNativeTarget section */
		D966CF611EFC127F0045CEE4 /* gestureRecognizer */ = {
			isa = PBXNativeTarget;
			buildConfigurationList = D966CF741EFC12800045CEE4 /* Build configuration list for PBXNativeTarget "gestureRecognizer" */;
			buildPhases = (
				D966CF5E1EFC127F0045CEE4 /* Sources */,
				D966CF5F1EFC127F0045CEE4 /* Frameworks */,
				D966CF601EFC127F0045CEE4 /* Resources */,
			);
			buildRules = (
			);
			dependencies = (
			);
			name = gestureRecognizer;
			productName = gestureRecognizer;
			productReference = D966CF621EFC127F0045CEE4 /* gestureRecognizer.app */;
			productType = "com.apple.product-type.application";
		};
/* End PBXNativeTarget section */

/* Begin PBXProject section */
		D966CF5A1EFC127F0045CEE4 /* Project object */ = {
			isa = PBXProject;
			attributes = {
				LastSwiftUpdateCheck = 0830;
				LastUpgradeCheck = 0830;
				ORGANIZATIONNAME = "Jaime Andrade";
				TargetAttributes = {
					D966CF611EFC127F0045CEE4 = {
						CreatedOnToolsVersion = 8.3.2;
						ProvisioningStyle = Automatic;
					};
				};
			};
			buildConfigurationList = D966CF5D1EFC127F0045CEE4 /* Build configuration list for PBXProject "gestureRecognizer" */;
			compatibilityVersion = "Xcode 3.2";
			developmentRegion = English;
			hasScannedForEncodings = 0;
			knownRegions = (
				en,
				Base,
			);
			mainGroup = D966CF591EFC127F0045CEE4;
			productRefGroup = D966CF631EFC127F0045CEE4 /* Products */;
			projectDirPath = "";
			projectRoot = "";
			targets = (
				D966CF611EFC127F0045CEE4 /* gestureRecognizer */,
			);
		};
/* End PBXProject section */

/* Begin PBXResourcesBuildPhase section */
		D966CF601EFC127F0045CEE4 /* Resources */ = {
			isa = PBXResourcesBuildPhase;
			buildActionMask = 2147483647;
			files = (
				D966CF701EFC12800045CEE4 /* LaunchScreen.storyboard in Resources */,
				D966CF6D1EFC12800045CEE4 /* Assets.xcassets in Resources */,
				D966CF6B1EFC12800045CEE4 /* Main.storyboard in Resources */,
			);
			runOnlyForDeploymentPostprocessing = 0;
		};
/* End PBXResourcesBuildPhase section */

/* Begin PBXSourcesBuildPhase section */
		D966CF5E1EFC127F0045CEE4 /* Sources */ = {
			isa = PBXSourcesBuildPhase;
			buildActionMask = 2147483647;
			files = (
				D966CF681EFC127F0045CEE4 /* ViewController.swift in Sources */,
				D966CF661EFC127F0045CEE4 /* AppDelegate.swift in Sources */,
			);
			runOnlyForDeploymentPostprocessing = 0;
		};
/* End PBXSourcesBuildPhase section */

/* Begin PBXVariantGroup section */
		D966CF691EFC12800045CEE4 /* Main.storyboard */ = {
			isa = PBXVariantGroup;
			children = (
				D966CF6A1EFC12800045CEE4 /* Base */,
			);
			name = Main.storyboard;
			sourceTree = "<group>";
		};
		D966CF6E1EFC12800045CEE4 /* LaunchScreen.storyboard */ = {
			isa = PBXVariantGroup;
			children = (
				D966CF6F1EFC12800045CEE4 /* Base */,
			);
			name = LaunchScreen.storyboard;
			sourceTree = "<group>";
		};
/* End PBXVariantGroup section */

/* Begin XCBuildConfiguration section */
		D966CF721EFC12800045CEE4 /* Debug */ = {
			isa = XCBuildConfiguration;
			buildSettings = {
				ALWAYS_SEARCH_USER_PATHS = NO;
				CLANG_ANALYZER_NONNULL = YES;
				CLANG_ANALYZER_NUMBER_OBJECT_CONVERSION = YES_AGGRESSIVE;
				CLANG_CXX_LANGUAGE_STANDARD = "gnu++0x";
				CLANG_CXX_LIBRARY = "libc++";
				CLANG_ENABLE_MODULES = YES;
				CLANG_ENABLE_OBJC_ARC = YES;
				CLANG_WARN_BOOL_CONVERSION = YES;
				CLANG_WARN_CONSTANT_CONVERSION = YES;
				CLANG_WARN_DIRECT_OBJC_ISA_USAGE = YES_ERROR;
				CLANG_WARN_DOCUMENTATION_COMMENTS = YES;
				CLANG_WARN_EMPTY_BODY = YES;
				CLANG_WARN_ENUM_CONVERSION = YES;
				CLANG_WARN_INFINITE_RECURSION = YES;
				CLANG_WARN_INT_CONVERSION = YES;
				CLANG_WARN_OBJC_ROOT_CLASS = YES_ERROR;
				CLANG_WARN_SUSPICIOUS_MOVE = YES;
				CLANG_WARN_UNREACHABLE_CODE = YES;
				CLANG_WARN__DUPLICATE_METHOD_MATCH = YES;
				"CODE_SIGN_IDENTITY[sdk=iphoneos*]" = "iPhone Developer";
				COPY_PHASE_STRIP = NO;
				DEBUG_INFORMATION_FORMAT = dwarf;
				ENABLE_STRICT_OBJC_MSGSEND = YES;
				ENABLE_TESTABILITY = YES;
				GCC_C_LANGUAGE_STANDARD = gnu99;
				GCC_DYNAMIC_NO_PIC = NO;
				GCC_NO_COMMON_BLOCKS = YES;
				GCC_OPTIMIZATION_LEVEL = 0;
				GCC_PREPROCESSOR_DEFINITIONS = (
					"DEBUG=1",
					"$(inherited)",
				);
				GCC_WARN_64_TO_32_BIT_CONVERSION = YES;
				GCC_WARN_ABOUT_RETURN_TYPE = YES_ERROR;
				GCC_WARN_UNDECLARED_SELECTOR = YES;
				GCC_WARN_UNINITIALIZED_AUTOS = YES_AGGRESSIVE;
				GCC_WARN_UNUSED_FUNCTION = YES;
				GCC_WARN_UNUSED_VARIABLE = YES;
				IPHONEOS_DEPLOYMENT_TARGET = 10.3;
				MTL_ENABLE_DEBUG_INFO = YES;
				ONLY_ACTIVE_ARCH = YES;
				SDKROOT = iphoneos;
				SWIFT_ACTIVE_COMPILATION_CONDITIONS = DEBUG;
				SWIFT_OPTIMIZATION_LEVEL = "-Onone";
				TARGETED_DEVICE_FAMILY = "1,2";
			};
			name = Debug;
		};
		D966CF731EFC12800045CEE4 /* Release */ = {
			isa = XCBuildConfiguration;
			buildSettings = {
				ALWAYS_SEARCH_USER_PATHS = NO;
				CLANG_ANALYZER_NONNULL = YES;
				CLANG_ANALYZER_NUMBER_OBJECT_CONVERSION = YES_AGGRESSIVE;
				CLANG_CXX_LANGUAGE_STANDARD = "gnu++0x";
				CLANG_CXX_LIBRARY = "libc++";
				CLANG_ENABLE_MODULES = YES;
				CLANG_ENABLE_OBJC_ARC = YES;
				CLANG_WARN_BOOL_CONVERSION = YES;
				CLANG_WARN_CONSTANT_CONVERSION = YES;
				CLANG_WARN_DIRECT_OBJC_ISA_USAGE = YES_ERROR;
				CLANG_WARN_DOCUMENTATION_COMMENTS = YES;
				CLANG_WARN_EMPTY_BODY = YES;
				CLANG_WARN_ENUM_CONVERSION = YES;
				CLANG_WARN_INFINITE_RECURSION = YES;
				CLANG_WARN_INT_CONVERSION = YES;
				CLANG_WARN_OBJC_ROOT_CLASS = YES_ERROR;
				CLANG_WARN_SUSPICIOUS_MOVE = YES;
				CLANG_WARN_UNREACHABLE_CODE = YES;
				CLANG_WARN__DUPLICATE_METHOD_MATCH = YES;
				"CODE_SIGN_IDENTITY[sdk=iphoneos*]" = "iPhone Developer";
				COPY_PHASE_STRIP = NO;
				DEBUG_INFORMATION_FORMAT = "dwarf-with-dsym";
				ENABLE_NS_ASSERTIONS = NO;
				ENABLE_STRICT_OBJC_MSGSEND = YES;
				GCC_C_LANGUAGE_STANDARD = gnu99;
				GCC_NO_COMMON_BLOCKS = YES;
				GCC_WARN_64_TO_32_BIT_CONVERSION = YES;
				GCC_WARN_ABOUT_RETURN_TYPE = YES_ERROR;
				GCC_WARN_UNDECLARED_SELECTOR = YES;
				GCC_WARN_UNINITIALIZED_AUTOS = YES_AGGRESSIVE;
				GCC_WARN_UNUSED_FUNCTION = YES;
				GCC_WARN_UNUSED_VARIABLE = YES;
				IPHONEOS_DEPLOYMENT_TARGET = 10.3;
				MTL_ENABLE_DEBUG_INFO = NO;
				SDKROOT = iphoneos;
				SWIFT_OPTIMIZATION_LEVEL = "-Owholemodule";
				TARGETED_DEVICE_FAMILY = "1,2";
				VALIDATE_PRODUCT = YES;
			};
			name = Release;
		};
		D966CF751EFC12800045CEE4 /* Debug */ = {
			isa = XCBuildConfiguration;
			buildSettings = {
				ASSETCATALOG_COMPILER_APPICON_NAME = AppIcon;
				INFOPLIST_FILE = gestureRecognizer/Info.plist;
				LD_RUNPATH_SEARCH_PATHS = "$(inherited) @executable_path/Frameworks";
				PRODUCT_BUNDLE_IDENTIFIER = com.andreslab.gestureRecognizer;
				PRODUCT_NAME = "$(TARGET_NAME)";
				SWIFT_VERSION = 3.0;
			};
			name = Debug;
		};
		D966CF761EFC12800045CEE4 /* Release */ = {
			isa = XCBuildConfiguration;
			buildSettings = {
				ASSETCATALOG_COMPILER_APPICON_NAME = AppIcon;
				INFOPLIST_FILE = gestureRecognizer/Info.plist;
				LD_RUNPATH_SEARCH_PATHS = "$(inherited) @executable_path/Frameworks";
				PRODUCT_BUNDLE_IDENTIFIER = com.andreslab.gestureRecognizer;
				PRODUCT_NAME = "$(TARGET_NAME)";
				SWIFT_VERSION = 3.0;
			};
			name = Release;
		};
/* End XCBuildConfiguration section */

/* Begin XCConfigurationList section */
		D966CF5D1EFC127F0045CEE4 /* Build configuration list for PBXProject "gestureRecognizer" */ = {
			isa = XCConfigurationList;
			buildConfigurations = (
				D966CF721EFC12800045CEE4 /* Debug */,
				D966CF731EFC12800045CEE4 /* Release */,
			);
			defaultConfigurationIsVisible = 0;
			defaultConfigurationName = Release;
		};
		D966CF741EFC12800045CEE4 /* Build configuration list for PBXNativeTarget "gestureRecognizer" */ = {
			isa = XCConfigurationList;
			buildConfigurations = (
				D966CF751EFC12800045CEE4 /* Debug */,
				D966CF761EFC12800045CEE4 /* Release */,
			);
			defaultConfigurationIsVisible = 0;
		};
/* End XCConfigurationList section */
	};
	rootObject = D966CF5A1EFC127F0045CEE4 /* Project object */;
}
